
Microsoft Visual Studio Solution File, Format Version 12.00
# Visual Studio Version 16
VisualStudioVersion = 16.0.31410.357
MinimumVisualStudioVersion = 10.0.40219.1
Project("{FAE04EC0-301F-11D3-BF4B-00C04F79EFBC}") = "RP", "RP.csproj", "{77810052-303B-48A9-847F-14254F24605C}"
EndProject
Global
	GlobalSection(SolutionConfigurationPlatforms) = preSolution
		Debug|Any CPU = Debug|Any CPU
		Release|Any CPU = Release|Any CPU
	EndGlobalSection
	GlobalSection(ProjectConfigurationPlatforms) = postSolution
		{77810052-303B-48A9-847F-14254F24605C}.Debug|Any CPU.ActiveCfg = Debug|Any CPU
		{77810052-303B-48A9-847F-14254F24605C}.Debug|Any CPU.Build.0 = Debug|Any CPU
		{77810052-303B-48A9-847F-14254F24605C}.Release|Any CPU.ActiveCfg = Release|Any CPU
		{77810052-303B-48A9-847F-14254F24605C}.Release|Any CPU.Build.0 = Release|Any CPU
	EndGlobalSection
	GlobalSection(SolutionProperties) = preSolution
		HideSolutionNode = FALSE
	EndGlobalSection
	GlobalSection(ExtensibilityGlobals) = postSolution
		SolutionGuid = {20D4365B-C84A-4686-9F8B-922A9E62D523}
	EndGlobalSection
EndGlobal
